
Microsoft Visual Studio Solution File, Format Version 12.00
# Visual Studio Version 17
VisualStudioVersion = 17.0.31903.59
MinimumVisualStudioVersion = 10.0.40219.1
Project("{2150E333-8FDC-42A3-9474-1A3956D46DE8}") = "src", "src", "{827E0CD3-B72D-47B6-A68D-7590B98EB39B}"
EndProject
Project("{FAE04EC0-301F-11D3-BF4B-00C04F79EFBC}") = "ReMind.Frontend", "src\ReMind.Frontend\ReMind.Frontend.csproj", "{6F35DE5C-D00A-423A-A2E1-67C0199C1EE7}"
EndProject
Project("{FAE04EC0-301F-11D3-BF4B-00C04F79EFBC}") = "ReMind.Functions", "src\ReMind.Functions\ReMind.Functions.csproj", "{608E6305-D742-4966-B131-77AE51D953B3}"
EndProject
Project("{2150E333-8FDC-42A3-9474-1A3956D46DE8}") = "database", "database", "{E0096E63-5207-411F-2649-837654E3C58A}"
EndProject
Project("{FAE04EC0-301F-11D3-BF4B-00C04F79EFBC}") = "ReMind.Database", "database\ReMind.Database\ReMind.Database.csproj", "{9BE5EC60-58A9-4877-BF98-1DBC06FE90E3}"
EndProject
Project("{2150E333-8FDC-42A3-9474-1A3956D46DE8}") = "tests", "tests", "{0AB3BF05-4346-4AA6-1389-037BE0695223}"
EndProject
Project("{FAE04EC0-301F-11D3-BF4B-00C04F79EFBC}") = "ReMind.UnitTests", "tests\ReMind.UnitTests\ReMind.UnitTests.csproj", "{9A47FEE8-B248-4322-B20A-3FAAAB00611F}"
EndProject
Project("{FAE04EC0-301F-11D3-BF4B-00C04F79EFBC}") = "ReMind.PlaywrightTests", "tests\ReMind.PlaywrightTests\ReMind.PlaywrightTests.csproj", "{D4416E50-4B1C-486F-8C4B-7734EE552369}"
EndProject
Global
	GlobalSection(SolutionConfigurationPlatforms) = preSolution
		Debug|Any CPU = Debug|Any CPU
		Debug|x64 = Debug|x64
		Debug|x86 = Debug|x86
		Release|Any CPU = Release|Any CPU
		Release|x64 = Release|x64
		Release|x86 = Release|x86
	EndGlobalSection
	GlobalSection(ProjectConfigurationPlatforms) = postSolution
		{6F35DE5C-D00A-423A-A2E1-67C0199C1EE7}.Debug|Any CPU.ActiveCfg = Debug|Any CPU
		{6F35DE5C-D00A-423A-A2E1-67C0199C1EE7}.Debug|Any CPU.Build.0 = Debug|Any CPU
		{6F35DE5C-D00A-423A-A2E1-67C0199C1EE7}.Debug|x64.ActiveCfg = Debug|Any CPU
		{6F35DE5C-D00A-423A-A2E1-67C0199C1EE7}.Debug|x64.Build.0 = Debug|Any CPU
		{6F35DE5C-D00A-423A-A2E1-67C0199C1EE7}.Debug|x86.ActiveCfg = Debug|Any CPU
		{6F35DE5C-D00A-423A-A2E1-67C0199C1EE7}.Debug|x86.Build.0 = Debug|Any CPU
		{6F35DE5C-D00A-423A-A2E1-67C0199C1EE7}.Release|Any CPU.ActiveCfg = Release|Any CPU
		{6F35DE5C-D00A-423A-A2E1-67C0199C1EE7}.Release|Any CPU.Build.0 = Release|Any CPU
		{6F35DE5C-D00A-423A-A2E1-67C0199C1EE7}.Release|x64.ActiveCfg = Release|Any CPU
		{6F35DE5C-D00A-423A-A2E1-67C0199C1EE7}.Release|x64.Build.0 = Release|Any CPU
		{6F35DE5C-D00A-423A-A2E1-67C0199C1EE7}.Release|x86.ActiveCfg = Release|Any CPU
		{6F35DE5C-D00A-423A-A2E1-67C0199C1EE7}.Release|x86.Build.0 = Release|Any CPU
		{608E6305-D742-4966-B131-77AE51D953B3}.Debug|Any CPU.ActiveCfg = Debug|Any CPU
		{608E6305-D742-4966-B131-77AE51D953B3}.Debug|Any CPU.Build.0 = Debug|Any CPU
		{608E6305-D742-4966-B131-77AE51D953B3}.Debug|x64.ActiveCfg = Debug|Any CPU
		{608E6305-D742-4966-B131-77AE51D953B3}.Debug|x64.Build.0 = Debug|Any CPU
		{608E6305-D742-4966-B131-77AE51D953B3}.Debug|x86.ActiveCfg = Debug|Any CPU
		{608E6305-D742-4966-B131-77AE51D953B3}.Debug|x86.Build.0 = Debug|Any CPU
		{608E6305-D742-4966-B131-77AE51D953B3}.Release|Any CPU.ActiveCfg = Release|Any CPU
		{608E6305-D742-4966-B131-77AE51D953B3}.Release|Any CPU.Build.0 = Release|Any CPU
		{608E6305-D742-4966-B131-77AE51D953B3}.Release|x64.ActiveCfg = Release|Any CPU
		{608E6305-D742-4966-B131-77AE51D953B3}.Release|x64.Build.0 = Release|Any CPU
		{608E6305-D742-4966-B131-77AE51D953B3}.Release|x86.ActiveCfg = Release|Any CPU
		{608E6305-D742-4966-B131-77AE51D953B3}.Release|x86.Build.0 = Release|Any CPU
		{9BE5EC60-58A9-4877-BF98-1DBC06FE90E3}.Debug|Any CPU.ActiveCfg = Debug|Any CPU
		{9BE5EC60-58A9-4877-BF98-1DBC06FE90E3}.Debug|Any CPU.Build.0 = Debug|Any CPU
		{9BE5EC60-58A9-4877-BF98-1DBC06FE90E3}.Debug|x64.ActiveCfg = Debug|Any CPU
		{9BE5EC60-58A9-4877-BF98-1DBC06FE90E3}.Debug|x64.Build.0 = Debug|Any CPU
		{9BE5EC60-58A9-4877-BF98-1DBC06FE90E3}.Debug|x86.ActiveCfg = Debug|Any CPU
		{9BE5EC60-58A9-4877-BF98-1DBC06FE90E3}.Debug|x86.Build.0 = Debug|Any CPU
		{9BE5EC60-58A9-4877-BF98-1DBC06FE90E3}.Release|Any CPU.ActiveCfg = Release|Any CPU
		{9BE5EC60-58A9-4877-BF98-1DBC06FE90E3}.Release|Any CPU.Build.0 = Release|Any CPU
		{9BE5EC60-58A9-4877-BF98-1DBC06FE90E3}.Release|x64.ActiveCfg = Release|Any CPU
		{9BE5EC60-58A9-4877-BF98-1DBC06FE90E3}.Release|x64.Build.0 = Release|Any CPU
		{9BE5EC60-58A9-4877-BF98-1DBC06FE90E3}.Release|x86.ActiveCfg = Release|Any CPU
		{9BE5EC60-58A9-4877-BF98-1DBC06FE90E3}.Release|x86.Build.0 = Release|Any CPU
		{9A47FEE8-B248-4322-B20A-3FAAAB00611F}.Debug|Any CPU.ActiveCfg = Debug|Any CPU
		{9A47FEE8-B248-4322-B20A-3FAAAB00611F}.Debug|Any CPU.Build.0 = Debug|Any CPU
		{9A47FEE8-B248-4322-B20A-3FAAAB00611F}.Debug|x64.ActiveCfg = Debug|Any CPU
		{9A47FEE8-B248-4322-B20A-3FAAAB00611F}.Debug|x64.Build.0 = Debug|Any CPU
		{9A47FEE8-B248-4322-B20A-3FAAAB00611F}.Debug|x86.ActiveCfg = Debug|Any CPU
		{9A47FEE8-B248-4322-B20A-3FAAAB00611F}.Debug|x86.Build.0 = Debug|Any CPU
		{9A47FEE8-B248-4322-B20A-3FAAAB00611F}.Release|Any CPU.ActiveCfg = Release|Any CPU
		{9A47FEE8-B248-4322-B20A-3FAAAB00611F}.Release|Any CPU.Build.0 = Release|Any CPU
		{9A47FEE8-B248-4322-B20A-3FAAAB00611F}.Release|x64.ActiveCfg = Release|Any CPU
		{9A47FEE8-B248-4322-B20A-3FAAAB00611F}.Release|x64.Build.0 = Release|Any CPU
		{9A47FEE8-B248-4322-B20A-3FAAAB00611F}.Release|x86.ActiveCfg = Release|Any CPU
		{9A47FEE8-B248-4322-B20A-3FAAAB00611F}.Release|x86.Build.0 = Release|Any CPU
		{D4416E50-4B1C-486F-8C4B-7734EE552369}.Debug|Any CPU.ActiveCfg = Debug|Any CPU
		{D4416E50-4B1C-486F-8C4B-7734EE552369}.Debug|Any CPU.Build.0 = Debug|Any CPU
		{D4416E50-4B1C-486F-8C4B-7734EE552369}.Debug|x64.ActiveCfg = Debug|Any CPU
		{D4416E50-4B1C-486F-8C4B-7734EE552369}.Debug|x64.Build.0 = Debug|Any CPU
		{D4416E50-4B1C-486F-8C4B-7734EE552369}.Debug|x86.ActiveCfg = Debug|Any CPU
		{D4416E50-4B1C-486F-8C4B-7734EE552369}.Debug|x86.Build.0 = Debug|Any CPU
		{D4416E50-4B1C-486F-8C4B-7734EE552369}.Release|Any CPU.ActiveCfg = Release|Any CPU
		{D4416E50-4B1C-486F-8C4B-7734EE552369}.Release|Any CPU.Build.0 = Release|Any CPU
		{D4416E50-4B1C-486F-8C4B-7734EE552369}.Release|x64.ActiveCfg = Release|Any CPU
		{D4416E50-4B1C-486F-8C4B-7734EE552369}.Release|x64.Build.0 = Release|Any CPU
		{D4416E50-4B1C-486F-8C4B-7734EE552369}.Release|x86.ActiveCfg = Release|Any CPU
		{D4416E50-4B1C-486F-8C4B-7734EE552369}.Release|x86.Build.0 = Release|Any CPU
	EndGlobalSection
	GlobalSection(SolutionProperties) = preSolution
		HideSolutionNode = FALSE
	EndGlobalSection
	GlobalSection(NestedProjects) = preSolution
		{6F35DE5C-D00A-423A-A2E1-67C0199C1EE7} = {827E0CD3-B72D-47B6-A68D-7590B98EB39B}
		{608E6305-D742-4966-B131-77AE51D953B3} = {827E0CD3-B72D-47B6-A68D-7590B98EB39B}
		{9BE5EC60-58A9-4877-BF98-1DBC06FE90E3} = {E0096E63-5207-411F-2649-837654E3C58A}
		{9A47FEE8-B248-4322-B20A-3FAAAB00611F} = {0AB3BF05-4346-4AA6-1389-037BE0695223}
		{D4416E50-4B1C-486F-8C4B-7734EE552369} = {0AB3BF05-4346-4AA6-1389-037BE0695223}
	EndGlobalSection
EndGlobal
